
Microsoft Visual Studio Solution File, Format Version 12.00
# Visual Studio Version 16
VisualStudioVersion = 16.0.30002.166
MinimumVisualStudioVersion = 10.0.40219.1
Project("{FAE04EC0-301F-11D3-BF4B-00C04F79EFBC}") = "Drill 72 Daily Report", "Drill 72 Daily Report\Drill 72 Daily Report.csproj", "{CE1067C3-2912-45C2-A21C-26E1F433C0B2}"
EndProject
Global
	GlobalSection(SolutionConfigurationPlatforms) = preSolution
		Debug|Any CPU = Debug|Any CPU
		Release|Any CPU = Release|Any CPU
	EndGlobalSection
	GlobalSection(ProjectConfigurationPlatforms) = postSolution
		{CE1067C3-2912-45C2-A21C-26E1F433C0B2}.Debug|Any CPU.ActiveCfg = Debug|Any CPU
		{CE1067C3-2912-45C2-A21C-26E1F433C0B2}.Debug|Any CPU.Build.0 = Debug|Any CPU
		{CE1067C3-2912-45C2-A21C-26E1F433C0B2}.Release|Any CPU.ActiveCfg = Release|Any CPU
		{CE1067C3-2912-45C2-A21C-26E1F433C0B2}.Release|Any CPU.Build.0 = Release|Any CPU
	EndGlobalSection
	GlobalSection(SolutionProperties) = preSolution
		HideSolutionNode = FALSE
	EndGlobalSection
	GlobalSection(ExtensibilityGlobals) = postSolution
		SolutionGuid = {5C9770A2-0C70-4B2C-8372-337FF83ED41F}
	EndGlobalSection
EndGlobal
