
Microsoft Visual Studio Solution File, Format Version 12.00
# Visual Studio Version 16
VisualStudioVersion = 16.0.30002.166
MinimumVisualStudioVersion = 10.0.40219.1
Project("{FAE04EC0-301F-11D3-BF4B-00C04F79EFBC}") = "Drill 132", "Drill 132\Drill 132.csproj", "{070CF323-2324-4CD0-9BF8-4C1F415E043E}"
EndProject
Global
	GlobalSection(SolutionConfigurationPlatforms) = preSolution
		Debug|Any CPU = Debug|Any CPU
		Release|Any CPU = Release|Any CPU
	EndGlobalSection
	GlobalSection(ProjectConfigurationPlatforms) = postSolution
		{070CF323-2324-4CD0-9BF8-4C1F415E043E}.Debug|Any CPU.ActiveCfg = Debug|Any CPU
		{070CF323-2324-4CD0-9BF8-4C1F415E043E}.Debug|Any CPU.Build.0 = Debug|Any CPU
		{070CF323-2324-4CD0-9BF8-4C1F415E043E}.Release|Any CPU.ActiveCfg = Release|Any CPU
		{070CF323-2324-4CD0-9BF8-4C1F415E043E}.Release|Any CPU.Build.0 = Release|Any CPU
	EndGlobalSection
	GlobalSection(SolutionProperties) = preSolution
		HideSolutionNode = FALSE
	EndGlobalSection
	GlobalSection(ExtensibilityGlobals) = postSolution
		SolutionGuid = {470D988D-1225-4F4C-8965-AD62EEB6B193}
	EndGlobalSection
EndGlobal
