
Microsoft Visual Studio Solution File, Format Version 12.00
# Visual Studio Version 16
VisualStudioVersion = 16.0.30002.166
MinimumVisualStudioVersion = 10.0.40219.1
Project("{FAE04EC0-301F-11D3-BF4B-00C04F79EFBC}") = "Drill 157", "Drill 157\Drill 157.csproj", "{2789EB5F-5D07-474E-857C-63EAB2C17F7D}"
EndProject
Global
	GlobalSection(SolutionConfigurationPlatforms) = preSolution
		Debug|Any CPU = Debug|Any CPU
		Release|Any CPU = Release|Any CPU
	EndGlobalSection
	GlobalSection(ProjectConfigurationPlatforms) = postSolution
		{2789EB5F-5D07-474E-857C-63EAB2C17F7D}.Debug|Any CPU.ActiveCfg = Debug|Any CPU
		{2789EB5F-5D07-474E-857C-63EAB2C17F7D}.Debug|Any CPU.Build.0 = Debug|Any CPU
		{2789EB5F-5D07-474E-857C-63EAB2C17F7D}.Release|Any CPU.ActiveCfg = Release|Any CPU
		{2789EB5F-5D07-474E-857C-63EAB2C17F7D}.Release|Any CPU.Build.0 = Release|Any CPU
	EndGlobalSection
	GlobalSection(SolutionProperties) = preSolution
		HideSolutionNode = FALSE
	EndGlobalSection
	GlobalSection(ExtensibilityGlobals) = postSolution
		SolutionGuid = {7131A52F-24FB-43C1-A67B-8F04617A1FF4}
	EndGlobalSection
EndGlobal
