
Microsoft Visual Studio Solution File, Format Version 12.00
# Visual Studio Version 16
VisualStudioVersion = 16.0.30002.166
MinimumVisualStudioVersion = 10.0.40219.1
Project("{FAE04EC0-301F-11D3-BF4B-00C04F79EFBC}") = "Drill 213", "Drill 213\Drill 213.csproj", "{05E99457-CF7C-4895-BCA2-FA643BD4E6A4}"
EndProject
Global
	GlobalSection(SolutionConfigurationPlatforms) = preSolution
		Debug|Any CPU = Debug|Any CPU
		Release|Any CPU = Release|Any CPU
	EndGlobalSection
	GlobalSection(ProjectConfigurationPlatforms) = postSolution
		{05E99457-CF7C-4895-BCA2-FA643BD4E6A4}.Debug|Any CPU.ActiveCfg = Debug|Any CPU
		{05E99457-CF7C-4895-BCA2-FA643BD4E6A4}.Debug|Any CPU.Build.0 = Debug|Any CPU
		{05E99457-CF7C-4895-BCA2-FA643BD4E6A4}.Release|Any CPU.ActiveCfg = Release|Any CPU
		{05E99457-CF7C-4895-BCA2-FA643BD4E6A4}.Release|Any CPU.Build.0 = Release|Any CPU
	EndGlobalSection
	GlobalSection(SolutionProperties) = preSolution
		HideSolutionNode = FALSE
	EndGlobalSection
	GlobalSection(ExtensibilityGlobals) = postSolution
		SolutionGuid = {530E96A3-6984-4427-937A-1A913C1C45D0}
	EndGlobalSection
EndGlobal
