
Microsoft Visual Studio Solution File, Format Version 12.00
# Visual Studio Version 16
VisualStudioVersion = 16.0.30002.166
MinimumVisualStudioVersion = 10.0.40219.1
Project("{FAE04EC0-301F-11D3-BF4B-00C04F79EFBC}") = "Drill 143", "Drill 143\Drill 143.csproj", "{61C02975-C5BE-4A59-852F-813A49CC1313}"
EndProject
Global
	GlobalSection(SolutionConfigurationPlatforms) = preSolution
		Debug|Any CPU = Debug|Any CPU
		Release|Any CPU = Release|Any CPU
	EndGlobalSection
	GlobalSection(ProjectConfigurationPlatforms) = postSolution
		{61C02975-C5BE-4A59-852F-813A49CC1313}.Debug|Any CPU.ActiveCfg = Debug|Any CPU
		{61C02975-C5BE-4A59-852F-813A49CC1313}.Debug|Any CPU.Build.0 = Debug|Any CPU
		{61C02975-C5BE-4A59-852F-813A49CC1313}.Release|Any CPU.ActiveCfg = Release|Any CPU
		{61C02975-C5BE-4A59-852F-813A49CC1313}.Release|Any CPU.Build.0 = Release|Any CPU
	EndGlobalSection
	GlobalSection(SolutionProperties) = preSolution
		HideSolutionNode = FALSE
	EndGlobalSection
	GlobalSection(ExtensibilityGlobals) = postSolution
		SolutionGuid = {2FB5A9D6-3797-4B01-959F-C0E0BA05D24D}
	EndGlobalSection
EndGlobal
