
Microsoft Visual Studio Solution File, Format Version 12.00
# Visual Studio Version 16
VisualStudioVersion = 16.0.30002.166
MinimumVisualStudioVersion = 10.0.40219.1
Project("{FAE04EC0-301F-11D3-BF4B-00C04F79EFBC}") = "Drill 156", "Drill 156\Drill 156.csproj", "{A02A0CAE-606F-4999-BB2F-1A3872C97ED9}"
EndProject
Global
	GlobalSection(SolutionConfigurationPlatforms) = preSolution
		Debug|Any CPU = Debug|Any CPU
		Release|Any CPU = Release|Any CPU
	EndGlobalSection
	GlobalSection(ProjectConfigurationPlatforms) = postSolution
		{A02A0CAE-606F-4999-BB2F-1A3872C97ED9}.Debug|Any CPU.ActiveCfg = Debug|Any CPU
		{A02A0CAE-606F-4999-BB2F-1A3872C97ED9}.Debug|Any CPU.Build.0 = Debug|Any CPU
		{A02A0CAE-606F-4999-BB2F-1A3872C97ED9}.Release|Any CPU.ActiveCfg = Release|Any CPU
		{A02A0CAE-606F-4999-BB2F-1A3872C97ED9}.Release|Any CPU.Build.0 = Release|Any CPU
	EndGlobalSection
	GlobalSection(SolutionProperties) = preSolution
		HideSolutionNode = FALSE
	EndGlobalSection
	GlobalSection(ExtensibilityGlobals) = postSolution
		SolutionGuid = {BB357CE6-3D9F-4444-B913-9A5C3398AA5D}
	EndGlobalSection
EndGlobal
