
Microsoft Visual Studio Solution File, Format Version 12.00
# Visual Studio Version 16
VisualStudioVersion = 16.0.30002.166
MinimumVisualStudioVersion = 10.0.40219.1
Project("{FAE04EC0-301F-11D3-BF4B-00C04F79EFBC}") = "Drill 90", "Drill 90\Drill 90.csproj", "{CBE52F36-D88A-4D8F-91D4-06F4A95DB0BD}"
EndProject
Global
	GlobalSection(SolutionConfigurationPlatforms) = preSolution
		Debug|Any CPU = Debug|Any CPU
		Release|Any CPU = Release|Any CPU
	EndGlobalSection
	GlobalSection(ProjectConfigurationPlatforms) = postSolution
		{CBE52F36-D88A-4D8F-91D4-06F4A95DB0BD}.Debug|Any CPU.ActiveCfg = Debug|Any CPU
		{CBE52F36-D88A-4D8F-91D4-06F4A95DB0BD}.Debug|Any CPU.Build.0 = Debug|Any CPU
		{CBE52F36-D88A-4D8F-91D4-06F4A95DB0BD}.Release|Any CPU.ActiveCfg = Release|Any CPU
		{CBE52F36-D88A-4D8F-91D4-06F4A95DB0BD}.Release|Any CPU.Build.0 = Release|Any CPU
	EndGlobalSection
	GlobalSection(SolutionProperties) = preSolution
		HideSolutionNode = FALSE
	EndGlobalSection
	GlobalSection(ExtensibilityGlobals) = postSolution
		SolutionGuid = {23E8F209-BD80-4D7B-8929-38DD4902D42A}
	EndGlobalSection
EndGlobal
